# THIS IS AN AUTOGENERATED FILE. DO NOT EDIT THIS FILE DIRECTLY.
# yarn lockfile v1


await-to-js@^2.0.1:
  version "2.0.1"
  resolved "https://registry.yarnpkg.com/await-to-js/-/await-to-js-2.0.1.tgz#fcb8a2178c763e2970aef1da9daf5c493e3653e0"

create-react-context@^0.1.5:
  version "0.1.6"
  resolved "https://registry.yarnpkg.com/create-react-context/-/create-react-context-0.1.6.tgz#0f425931d907741127acc6e31acb4f9015dd9fdc"

unstated@^1.2.0:
  version "1.2.0"
  resolved "https://registry.yarnpkg.com/unstated/-/unstated-1.2.0.tgz#5c57cc077473d2cce411ec0930da285cef3df306"
  dependencies:
    create-react-context "^0.1.5"
